lockfileVersion: '9.0'

settings:
  autoInstallPeers: true
  excludeLinksFromLockfile: false

importers:

  .:
    devDependencies:
      prettier:
        specifier: ^3.4.2
        version: 3.4.2
      turbo:
        specifier: ^2.4.1-canary.0
        version: 2.4.1-canary.0
      typescript:
        specifier: 5.7.3
        version: 5.7.3

packages:

  prettier@3.4.2:
    resolution: {integrity: sha512-e9MewbtFo+Fevyuxn/4rrcDAaq0IYxPGLvObpQjiZBMAzB9IGmzlnG9RZy3FFas+eBMu2vA0CszMeduow5dIuQ==}
    engines: {node: '>=14'}
    hasBin: true

  turbo-darwin-64@2.4.1-canary.0:
    resolution: {integrity: sha512-H85PIT1rUg1klKHOrd+IzobKSKtJ1/dhdzgVzXbHGNdH2F29FuQsYYaRE8d6MOWnetjvS0zVKHFJxu0IhDaKIg==}
    cpu: [x64]
    os: [darwin]

  turbo-darwin-arm64@2.4.1-canary.0:
    resolution: {integrity: sha512-eDiDUnC7cGzFlTHJKhRHXVibXfRwTas2/4/Pws45Iv2oviypDQs6yq3LPfIaoZXe0rHucqT/wG9HuuYcBSEerg==}
    cpu: [arm64]
    os: [darwin]

  turbo-linux-64@2.4.1-canary.0:
    resolution: {integrity: sha512-iNJmQVDRLEcHwEXXrM/w2v1g6KDvo26TAnbG+yVK+UEdFp1cyFxwhftVQSQyajxd1oAji2BTcLmmCNHyiBXfHA==}
    cpu: [x64]
    os: [linux]

  turbo-linux-arm64@2.4.1-canary.0:
    resolution: {integrity: sha512-NWBxjrtDLzbHTLogffF30qFQKrhF5Vakja6jqzCEQYiLrepAZ0PQFQoBFTzyBH57kR5zLA91SC24dInPAyJB8A==}
    cpu: [arm64]
    os: [linux]

  turbo-windows-64@2.4.1-canary.0:
    resolution: {integrity: sha512-mq0xViLeW5fSo3JBqWL7AutA9YaXxFGDTqzUUll3cQEBp+1TNOhhij6Y/iqOH1qQLhAAUM66kv3t8oqMfSbveA==}
    cpu: [x64]
    os: [win32]

  turbo-windows-arm64@2.4.1-canary.0:
    resolution: {integrity: sha512-Cw1h0p2yNOTOuQpIqgPHbs3BqVSSqwuSlDcPrYBMaOq9Iz2yWOhGuGCJNnQbwl/vMWHDylKg999C1FbZxKcHnA==}
    cpu: [arm64]
    os: [win32]

  turbo@2.4.1-canary.0:
    resolution: {integrity: sha512-mDGnfV+WZNCfcpiHGuU33DCKp9ty54kDw9zxQF6u5w1cuYUy4q+/ZK+PIH4dk9CP5sl+WV5aEbxamstoUXIJUQ==}
    hasBin: true

  typescript@5.7.3:
    resolution: {integrity: sha512-84MVSjMEHP+FQRPy3pX9sTVV/INIex71s9TL2Gm5FG/WG1SqXeKyZ0k7/blY/4FdOzI12CBy1vGc4og/eus0fw==}
    engines: {node: '>=14.17'}
    hasBin: true

snapshots:

  prettier@3.4.2: {}

  turbo-darwin-64@2.4.1-canary.0:
    optional: true

  turbo-darwin-arm64@2.4.1-canary.0:
    optional: true

  turbo-linux-64@2.4.1-canary.0:
    optional: true

  turbo-linux-arm64@2.4.1-canary.0:
    optional: true

  turbo-windows-64@2.4.1-canary.0:
    optional: true

  turbo-windows-arm64@2.4.1-canary.0:
    optional: true

  turbo@2.4.1-canary.0:
    optionalDependencies:
      turbo-darwin-64: 2.4.1-canary.0
      turbo-darwin-arm64: 2.4.1-canary.0
      turbo-linux-64: 2.4.1-canary.0
      turbo-linux-arm64: 2.4.1-canary.0
      turbo-windows-64: 2.4.1-canary.0
      turbo-windows-arm64: 2.4.1-canary.0

  typescript@5.7.3: {}
